// !$*UTF8*$!
{
	archiveVersion = 1;
	classes = {
	};
	objectVersion = 56;
	objects = {

/* Begin PBXBuildFile section */
		0433C82E2CD49CFF00869D63 /* UIView+.swift in Sources */ = {isa = PBXBuildFile; fileRef = 0433C82D2CD49CFF00869D63 /* UIView+.swift */; };
		0433C8392CD4B27500869D63 /* InitEnum.swift in Sources */ = {isa = PBXBuildFile; fileRef = 0433C8382CD4B27500869D63 /* InitEnum.swift */; };
		0433C83D2CD4B2E700869D63 /* initUseCase.swift in Sources */ = {isa = PBXBuildFile; fileRef = 0433C83C2CD4B2E700869D63 /* initUseCase.swift */; };
		0433C83F2CD4B2FA00869D63 /* InitEntity.swift in Sources */ = {isa = PBXBuildFile; fileRef = 0433C83E2CD4B2FA00869D63 /* InitEntity.swift */; };
		0433C8432CD4B31B00869D63 /* InitRepo.swift in Sources */ = {isa = PBXBuildFile; fileRef = 0433C8422CD4B31B00869D63 /* InitRepo.swift */; };
		0433C8462CD4B35300869D63 /* InitRepos.swift in Sources */ = {isa = PBXBuildFile; fileRef = 0433C8452CD4B35300869D63 /* InitRepos.swift */; };
		0433C8492CD4B37B00869D63 /* InitRealm.swift in Sources */ = {isa = PBXBuildFile; fileRef = 0433C8482CD4B37B00869D63 /* InitRealm.swift */; };
		0433C84D2CD4B45F00869D63 /* InitEndpoints.swift in Sources */ = {isa = PBXBuildFile; fileRef = 0433C84C2CD4B45F00869D63 /* InitEndpoints.swift */; };
		043D4D7C2CD75B4E00AA580B /* DMViewUseCase.swift in Sources */ = {isa = PBXBuildFile; fileRef = 043D4D7B2CD75B4E00AA580B /* DMViewUseCase.swift */; };
		043D4D7E2CD75D4100AA580B /* LoginRequestDTO.swift in Sources */ = {isa = PBXBuildFile; fileRef = 043D4D7D2CD75D4100AA580B /* LoginRequestDTO.swift */; };
		043D4D802CD75EF100AA580B /* LoginResponseDTO.swift in Sources */ = {isa = PBXBuildFile; fileRef = 043D4D7F2CD75EF100AA580B /* LoginResponseDTO.swift */; };
		043D4D822CD75F9200AA580B /* DMViewRepository.swift in Sources */ = {isa = PBXBuildFile; fileRef = 043D4D812CD75F9200AA580B /* DMViewRepository.swift */; };
		043D4D842CD75FAE00AA580B /* DMViewRepositorylmpl.swift in Sources */ = {isa = PBXBuildFile; fileRef = 043D4D832CD75FAE00AA580B /* DMViewRepositorylmpl.swift */; };
		043D4D862CD760FE00AA580B /* LoginModel.swift in Sources */ = {isa = PBXBuildFile; fileRef = 043D4D852CD760FE00AA580B /* LoginModel.swift */; };
		043D4D882CD7743D00AA580B /* DMTarget.swift in Sources */ = {isa = PBXBuildFile; fileRef = 043D4D872CD7743D00AA580B /* DMTarget.swift */; };
		043D4D942CD77B9C00AA580B /* DMMembersRequestDTO.swift in Sources */ = {isa = PBXBuildFile; fileRef = 043D4D932CD77B9C00AA580B /* DMMembersRequestDTO.swift */; };
		043D4D962CD77BE700AA580B /* DMSpaceMembersResponseDTO.swift in Sources */ = {isa = PBXBuildFile; fileRef = 043D4D952CD77BE700AA580B /* DMSpaceMembersResponseDTO.swift */; };
		043D4D982CD77FB900AA580B /* DMSpaceMember.swift in Sources */ = {isa = PBXBuildFile; fileRef = 043D4D972CD77FB900AA580B /* DMSpaceMember.swift */; };
		043D4DA22CD8976200AA580B /* DMRoomRequestDTO.swift in Sources */ = {isa = PBXBuildFile; fileRef = 043D4DA12CD8976200AA580B /* DMRoomRequestDTO.swift */; };
		043D4DA42CD8978400AA580B /* DMRoomResponseDTO.swift in Sources */ = {isa = PBXBuildFile; fileRef = 043D4DA32CD8978400AA580B /* DMRoomResponseDTO.swift */; };
		043D4DA62CD8980700AA580B /* DMRoom.swift in Sources */ = {isa = PBXBuildFile; fileRef = 043D4DA52CD8980700AA580B /* DMRoom.swift */; };
		049309562CCE1FEB0059271A /* BaseView.swift in Sources */ = {isa = PBXBuildFile; fileRef = 049309552CCE1FEB0059271A /* BaseView.swift */; };
		049309582CCE1FF10059271A /* BaseVC.swift in Sources */ = {isa = PBXBuildFile; fileRef = 049309572CCE1FF10059271A /* BaseVC.swift */; };
		0493095A2CCE21760059271A /* DMView.swift in Sources */ = {isa = PBXBuildFile; fileRef = 049309592CCE21760059271A /* DMView.swift */; };
		0493095E2CCE2EB90059271A /* DMUserCollectionViewCell.swift in Sources */ = {isa = PBXBuildFile; fileRef = 0493095D2CCE2EB90059271A /* DMUserCollectionViewCell.swift */; };
		049309602CCE2FC90059271A /* BaseCollectionViewCell.swift in Sources */ = {isa = PBXBuildFile; fileRef = 0493095F2CCE2FC90059271A /* BaseCollectionViewCell.swift */; };
		049309622CCE309A0059271A /* CellIdentifier.swift in Sources */ = {isa = PBXBuildFile; fileRef = 049309612CCE309A0059271A /* CellIdentifier.swift */; };
		049309882CCFD0200059271A /* DMViewModel.swift in Sources */ = {isa = PBXBuildFile; fileRef = 049309872CCFD0200059271A /* DMViewModel.swift */; };
		0493098A2CCFD3380059271A /* BaseViewModel.swift in Sources */ = {isa = PBXBuildFile; fileRef = 049309892CCFD3380059271A /* BaseViewModel.swift */; };
		04B3A4582CD36E880068446A /* MyProfileView.swift in Sources */ = {isa = PBXBuildFile; fileRef = 04B3A4572CD36E880068446A /* MyProfileView.swift */; };
		04B3A45A2CD36E920068446A /* MyProfileViewController.swift in Sources */ = {isa = PBXBuildFile; fileRef = 04B3A4592CD36E920068446A /* MyProfileViewController.swift */; };
		04B3A45C2CD375160068446A /* OtherProfileView.swift in Sources */ = {isa = PBXBuildFile; fileRef = 04B3A45B2CD375150068446A /* OtherProfileView.swift */; };
		04B3A45E2CD376680068446A /* OtherProfileViewController.swift in Sources */ = {isa = PBXBuildFile; fileRef = 04B3A45D2CD376680068446A /* OtherProfileViewController.swift */; };
		887892C52CD5007500F3C732 /* NetworkManager.swift in Sources */ = {isa = PBXBuildFile; fileRef = 887892C42CD5007500F3C732 /* NetworkManager.swift */; };
		887892C72CD50D2300F3C732 /* UserTarget.swift in Sources */ = {isa = PBXBuildFile; fileRef = 887892C62CD50D2300F3C732 /* UserTarget.swift */; };
		887892C92CD5107300F3C732 /* ValidEmailRequestDTO.swift in Sources */ = {isa = PBXBuildFile; fileRef = 887892C82CD5107300F3C732 /* ValidEmailRequestDTO.swift */; };
		887892CB2CD513D900F3C732 /* EmptyResponseDTO.swift in Sources */ = {isa = PBXBuildFile; fileRef = 887892CA2CD513D900F3C732 /* EmptyResponseDTO.swift */; };
		887892CD2CD51B5E00F3C732 /* NetworkError.swift in Sources */ = {isa = PBXBuildFile; fileRef = 887892CC2CD51B5E00F3C732 /* NetworkError.swift */; };
		8890133D2CD1125000B5FF91 /* SpaceInitialViewController.swift in Sources */ = {isa = PBXBuildFile; fileRef = 8890133C2CD1125000B5FF91 /* SpaceInitialViewController.swift */; };
		8890133F2CD1130900B5FF91 /* SpaceInitialView.swift in Sources */ = {isa = PBXBuildFile; fileRef = 8890133E2CD1130900B5FF91 /* SpaceInitialView.swift */; };
		88A9D17C2CD26A14003F4A22 /* SpaceActiveView.swift in Sources */ = {isa = PBXBuildFile; fileRef = 88A9D17B2CD26A14003F4A22 /* SpaceActiveView.swift */; };
		88A9D17E2CD26A30003F4A22 /* SpaceActiveViewController.swift in Sources */ = {isa = PBXBuildFile; fileRef = 88A9D17D2CD26A30003F4A22 /* SpaceActiveViewController.swift */; };
		88A9D1842CD274DA003F4A22 /* RoundImageView.swift in Sources */ = {isa = PBXBuildFile; fileRef = 88A9D1832CD274DA003F4A22 /* RoundImageView.swift */; };
		88A9D1862CD2770E003F4A22 /* RoundCameraView.swift in Sources */ = {isa = PBXBuildFile; fileRef = 88A9D1852CD2770E003F4A22 /* RoundCameraView.swift */; };
		88FA05642CD601BD0084A3B0 /* TokenInterceptor.swift in Sources */ = {isa = PBXBuildFile; fileRef = 88FA05632CD601BD0084A3B0 /* TokenInterceptor.swift */; };
		88FA05662CD602CA0084A3B0 /* UserDefaultsStorage.swift in Sources */ = {isa = PBXBuildFile; fileRef = 88FA05652CD602CA0084A3B0 /* UserDefaultsStorage.swift */; };
		88FA05682CD603E50084A3B0 /* UserManager.swift in Sources */ = {isa = PBXBuildFile; fileRef = 88FA05672CD603E50084A3B0 /* UserManager.swift */; };
		88FA056A2CD604560084A3B0 /* AuthResponseDTO.swift in Sources */ = {isa = PBXBuildFile; fileRef = 88FA05692CD604560084A3B0 /* AuthResponseDTO.swift */; };
		EF2645652CD359B600365876 /* IQKeyboardManagerSwift in Frameworks */ = {isa = PBXBuildFile; productRef = EF2645642CD359B600365876 /* IQKeyboardManagerSwift */; };
		EFD78D432CC8E11B00CE7A57 /* AppDelegate.swift in Sources */ = {isa = PBXBuildFile; fileRef = EFD78D422CC8E11B00CE7A57 /* AppDelegate.swift */; };
		EFD78D452CC8E11B00CE7A57 /* SceneDelegate.swift in Sources */ = {isa = PBXBuildFile; fileRef = EFD78D442CC8E11B00CE7A57 /* SceneDelegate.swift */; };
		EFD78D472CC8E11B00CE7A57 /* HomeViewController.swift in Sources */ = {isa = PBXBuildFile; fileRef = EFD78D462CC8E11B00CE7A57 /* HomeViewController.swift */; };
		EFD78D4C2CC8E11D00CE7A57 /* Assets.xcassets in Resources */ = {isa = PBXBuildFile; fileRef = EFD78D4B2CC8E11D00CE7A57 /* Assets.xcassets */; };
		EFD78D4F2CC8E11D00CE7A57 /* Base in Resources */ = {isa = PBXBuildFile; fileRef = EFD78D4E2CC8E11D00CE7A57 /* Base */; };
		EFD78D632CC8E4F800CE7A57 /* initProtocol.swift in Sources */ = {isa = PBXBuildFile; fileRef = EFD78D622CC8E4F800CE7A57 /* initProtocol.swift */; };
		EFD78D6D2CC8E51400CE7A57 /* initView.swift in Sources */ = {isa = PBXBuildFile; fileRef = EFD78D6C2CC8E51400CE7A57 /* initView.swift */; };
		EFD78D712CC8E52200CE7A57 /* initVM.swift in Sources */ = {isa = PBXBuildFile; fileRef = EFD78D702CC8E52200CE7A57 /* initVM.swift */; };
		EFD78D732CC8E52900CE7A57 /* Configuration.swift in Sources */ = {isa = PBXBuildFile; fileRef = EFD78D722CC8E52900CE7A57 /* Configuration.swift */; };
		EFD78D752CC8E55F00CE7A57 /* .gitignore in Resources */ = {isa = PBXBuildFile; fileRef = EFD78D742CC8E55F00CE7A57 /* .gitignore */; };
		EFD78D792CC8EDB100CE7A57 /* RxCocoa in Frameworks */ = {isa = PBXBuildFile; productRef = EFD78D782CC8EDB100CE7A57 /* RxCocoa */; };
		EFD78D7B2CC8EDB100CE7A57 /* RxSwift in Frameworks */ = {isa = PBXBuildFile; productRef = EFD78D7A2CC8EDB100CE7A57 /* RxSwift */; };
		EFD78D7E2CC8EDBD00CE7A57 /* SnapKit in Frameworks */ = {isa = PBXBuildFile; productRef = EFD78D7D2CC8EDBD00CE7A57 /* SnapKit */; };
		EFD78D812CC8EDE200CE7A57 /* Kingfisher in Frameworks */ = {isa = PBXBuildFile; productRef = EFD78D802CC8EDE200CE7A57 /* Kingfisher */; };
		EFD78D842CC8EDEF00CE7A57 /* Toast in Frameworks */ = {isa = PBXBuildFile; productRef = EFD78D832CC8EDEF00CE7A57 /* Toast */; };
		EFD78D872CC8F46500CE7A57 /* Moya in Frameworks */ = {isa = PBXBuildFile; productRef = EFD78D862CC8F46500CE7A57 /* Moya */; };
		EFD78D892CC912D500CE7A57 /* DMViewController.swift in Sources */ = {isa = PBXBuildFile; fileRef = EFD78D882CC912D500CE7A57 /* DMViewController.swift */; };
		EFD78D8B2CC913CE00CE7A57 /* SearchViewController.swift in Sources */ = {isa = PBXBuildFile; fileRef = EFD78D8A2CC913CE00CE7A57 /* SearchViewController.swift */; };
		EFD78D8D2CC913EE00CE7A57 /* SettingViewController.swift in Sources */ = {isa = PBXBuildFile; fileRef = EFD78D8C2CC913EE00CE7A57 /* SettingViewController.swift */; };
		EFD78D912CC91B3400CE7A57 /* TabBarViewController.swift in Sources */ = {isa = PBXBuildFile; fileRef = EFD78D902CC91B3400CE7A57 /* TabBarViewController.swift */; };
		EFD78D932CC9253400CE7A57 /* Font+.swift in Sources */ = {isa = PBXBuildFile; fileRef = EFD78D922CC9253400CE7A57 /* Font+.swift */; };
		EFD78DD52CCE7D6B00CE7A57 /* CommonButton.swift in Sources */ = {isa = PBXBuildFile; fileRef = EFD78DD42CCE7D6B00CE7A57 /* CommonButton.swift */; };
		EFD78DD92CCE895800CE7A57 /* DividerView.swift in Sources */ = {isa = PBXBuildFile; fileRef = EFD78DD82CCE895800CE7A57 /* DividerView.swift */; };
		EFD78DDB2CCE8CAD00CE7A57 /* SignTextField.swift in Sources */ = {isa = PBXBuildFile; fileRef = EFD78DDA2CCE8CAD00CE7A57 /* SignTextField.swift */; };
		EFD78DDD2CCE8DD200CE7A57 /* SignUpViewController.swift in Sources */ = {isa = PBXBuildFile; fileRef = EFD78DDC2CCE8DD200CE7A57 /* SignUpViewController.swift */; };
		EFD78DDF2CCE8F6A00CE7A57 /* LabeledTextField.swift in Sources */ = {isa = PBXBuildFile; fileRef = EFD78DDE2CCE8F6A00CE7A57 /* LabeledTextField.swift */; };
		EFD78DFF2CCFBDE400CE7A57 /* GreyBarView.swift in Sources */ = {isa = PBXBuildFile; fileRef = EFD78DFE2CCFBDE400CE7A57 /* GreyBarView.swift */; };
/* End PBXBuildFile section */

/* Begin PBXFileReference section */
		0433C82D2CD49CFF00869D63 /* UIView+.swift */ = {isa = PBXFileReference; lastKnownFileType = sourcecode.swift; path = "UIView+.swift"; sourceTree = "<group>"; };
		0433C8382CD4B27500869D63 /* InitEnum.swift */ = {isa = PBXFileReference; lastKnownFileType = sourcecode.swift; path = InitEnum.swift; sourceTree = "<group>"; };
		0433C83C2CD4B2E700869D63 /* initUseCase.swift */ = {isa = PBXFileReference; lastKnownFileType = sourcecode.swift; path = initUseCase.swift; sourceTree = "<group>"; };
		0433C83E2CD4B2FA00869D63 /* InitEntity.swift */ = {isa = PBXFileReference; lastKnownFileType = sourcecode.swift; path = InitEntity.swift; sourceTree = "<group>"; };
		0433C8422CD4B31B00869D63 /* InitRepo.swift */ = {isa = PBXFileReference; lastKnownFileType = sourcecode.swift; path = InitRepo.swift; sourceTree = "<group>"; };
		0433C8452CD4B35300869D63 /* InitRepos.swift */ = {isa = PBXFileReference; lastKnownFileType = sourcecode.swift; path = InitRepos.swift; sourceTree = "<group>"; };
		0433C8482CD4B37B00869D63 /* InitRealm.swift */ = {isa = PBXFileReference; lastKnownFileType = sourcecode.swift; path = InitRealm.swift; sourceTree = "<group>"; };
		0433C84C2CD4B45F00869D63 /* InitEndpoints.swift */ = {isa = PBXFileReference; lastKnownFileType = sourcecode.swift; path = InitEndpoints.swift; sourceTree = "<group>"; };
		043D4D7B2CD75B4E00AA580B /* DMViewUseCase.swift */ = {isa = PBXFileReference; lastKnownFileType = sourcecode.swift; path = DMViewUseCase.swift; sourceTree = "<group>"; };
		043D4D7D2CD75D4100AA580B /* LoginRequestDTO.swift */ = {isa = PBXFileReference; lastKnownFileType = sourcecode.swift; path = LoginRequestDTO.swift; sourceTree = "<group>"; };
		043D4D7F2CD75EF100AA580B /* LoginResponseDTO.swift */ = {isa = PBXFileReference; lastKnownFileType = sourcecode.swift; path = LoginResponseDTO.swift; sourceTree = "<group>"; };
		043D4D812CD75F9200AA580B /* DMViewRepository.swift */ = {isa = PBXFileReference; lastKnownFileType = sourcecode.swift; path = DMViewRepository.swift; sourceTree = "<group>"; };
		043D4D832CD75FAE00AA580B /* DMViewRepositorylmpl.swift */ = {isa = PBXFileReference; lastKnownFileType = sourcecode.swift; path = DMViewRepositorylmpl.swift; sourceTree = "<group>"; };
		043D4D852CD760FE00AA580B /* LoginModel.swift */ = {isa = PBXFileReference; lastKnownFileType = sourcecode.swift; path = LoginModel.swift; sourceTree = "<group>"; };
		043D4D872CD7743D00AA580B /* DMTarget.swift */ = {isa = PBXFileReference; lastKnownFileType = sourcecode.swift; path = DMTarget.swift; sourceTree = "<group>"; };
		043D4D932CD77B9C00AA580B /* DMMembersRequestDTO.swift */ = {isa = PBXFileReference; lastKnownFileType = sourcecode.swift; path = DMMembersRequestDTO.swift; sourceTree = "<group>"; };
		043D4D952CD77BE700AA580B /* DMSpaceMembersResponseDTO.swift */ = {isa = PBXFileReference; lastKnownFileType = sourcecode.swift; path = DMSpaceMembersResponseDTO.swift; sourceTree = "<group>"; };
		043D4D972CD77FB900AA580B /* DMSpaceMember.swift */ = {isa = PBXFileReference; lastKnownFileType = sourcecode.swift; path = DMSpaceMember.swift; sourceTree = "<group>"; };
		043D4DA12CD8976200AA580B /* DMRoomRequestDTO.swift */ = {isa = PBXFileReference; lastKnownFileType = sourcecode.swift; path = DMRoomRequestDTO.swift; sourceTree = "<group>"; };
		043D4DA32CD8978400AA580B /* DMRoomResponseDTO.swift */ = {isa = PBXFileReference; lastKnownFileType = sourcecode.swift; path = DMRoomResponseDTO.swift; sourceTree = "<group>"; };
		043D4DA52CD8980700AA580B /* DMRoom.swift */ = {isa = PBXFileReference; lastKnownFileType = sourcecode.swift; path = DMRoom.swift; sourceTree = "<group>"; };
		049309552CCE1FEB0059271A /* BaseView.swift */ = {isa = PBXFileReference; lastKnownFileType = sourcecode.swift; path = BaseView.swift; sourceTree = "<group>"; };
		049309572CCE1FF10059271A /* BaseVC.swift */ = {isa = PBXFileReference; lastKnownFileType = sourcecode.swift; path = BaseVC.swift; sourceTree = "<group>"; };
		049309592CCE21760059271A /* DMView.swift */ = {isa = PBXFileReference; lastKnownFileType = sourcecode.swift; path = DMView.swift; sourceTree = "<group>"; };
		0493095D2CCE2EB90059271A /* DMUserCollectionViewCell.swift */ = {isa = PBXFileReference; lastKnownFileType = sourcecode.swift; path = DMUserCollectionViewCell.swift; sourceTree = "<group>"; };
		0493095F2CCE2FC90059271A /* BaseCollectionViewCell.swift */ = {isa = PBXFileReference; lastKnownFileType = sourcecode.swift; path = BaseCollectionViewCell.swift; sourceTree = "<group>"; };
		049309612CCE309A0059271A /* CellIdentifier.swift */ = {isa = PBXFileReference; lastKnownFileType = sourcecode.swift; path = CellIdentifier.swift; sourceTree = "<group>"; };
		049309872CCFD0200059271A /* DMViewModel.swift */ = {isa = PBXFileReference; lastKnownFileType = sourcecode.swift; path = DMViewModel.swift; sourceTree = "<group>"; };
		049309892CCFD3380059271A /* BaseViewModel.swift */ = {isa = PBXFileReference; lastKnownFileType = sourcecode.swift; path = BaseViewModel.swift; sourceTree = "<group>"; };
		04B3A4572CD36E880068446A /* MyProfileView.swift */ = {isa = PBXFileReference; lastKnownFileType = sourcecode.swift; path = MyProfileView.swift; sourceTree = "<group>"; };
		04B3A4592CD36E920068446A /* MyProfileViewController.swift */ = {isa = PBXFileReference; lastKnownFileType = sourcecode.swift; path = MyProfileViewController.swift; sourceTree = "<group>"; };
		04B3A45B2CD375150068446A /* OtherProfileView.swift */ = {isa = PBXFileReference; lastKnownFileType = sourcecode.swift; path = OtherProfileView.swift; sourceTree = "<group>"; };
		04B3A45D2CD376680068446A /* OtherProfileViewController.swift */ = {isa = PBXFileReference; lastKnownFileType = sourcecode.swift; path = OtherProfileViewController.swift; sourceTree = "<group>"; };
		887892C42CD5007500F3C732 /* NetworkManager.swift */ = {isa = PBXFileReference; lastKnownFileType = sourcecode.swift; path = NetworkManager.swift; sourceTree = "<group>"; };
		887892C62CD50D2300F3C732 /* UserTarget.swift */ = {isa = PBXFileReference; lastKnownFileType = sourcecode.swift; path = UserTarget.swift; sourceTree = "<group>"; };
		887892C82CD5107300F3C732 /* ValidEmailRequestDTO.swift */ = {isa = PBXFileReference; lastKnownFileType = sourcecode.swift; path = ValidEmailRequestDTO.swift; sourceTree = "<group>"; };
		887892CA2CD513D900F3C732 /* EmptyResponseDTO.swift */ = {isa = PBXFileReference; lastKnownFileType = sourcecode.swift; path = EmptyResponseDTO.swift; sourceTree = "<group>"; };
		887892CC2CD51B5E00F3C732 /* NetworkError.swift */ = {isa = PBXFileReference; lastKnownFileType = sourcecode.swift; path = NetworkError.swift; sourceTree = "<group>"; };
		8890133C2CD1125000B5FF91 /* SpaceInitialViewController.swift */ = {isa = PBXFileReference; lastKnownFileType = sourcecode.swift; path = SpaceInitialViewController.swift; sourceTree = "<group>"; };
		8890133E2CD1130900B5FF91 /* SpaceInitialView.swift */ = {isa = PBXFileReference; lastKnownFileType = sourcecode.swift; path = SpaceInitialView.swift; sourceTree = "<group>"; };
		88A9D17B2CD26A14003F4A22 /* SpaceActiveView.swift */ = {isa = PBXFileReference; lastKnownFileType = sourcecode.swift; path = SpaceActiveView.swift; sourceTree = "<group>"; };
		88A9D17D2CD26A30003F4A22 /* SpaceActiveViewController.swift */ = {isa = PBXFileReference; lastKnownFileType = sourcecode.swift; path = SpaceActiveViewController.swift; sourceTree = "<group>"; };
		88A9D1832CD274DA003F4A22 /* RoundImageView.swift */ = {isa = PBXFileReference; lastKnownFileType = sourcecode.swift; path = RoundImageView.swift; sourceTree = "<group>"; };
		88A9D1852CD2770E003F4A22 /* RoundCameraView.swift */ = {isa = PBXFileReference; lastKnownFileType = sourcecode.swift; path = RoundCameraView.swift; sourceTree = "<group>"; };
		88FA05632CD601BD0084A3B0 /* TokenInterceptor.swift */ = {isa = PBXFileReference; lastKnownFileType = sourcecode.swift; path = TokenInterceptor.swift; sourceTree = "<group>"; };
		88FA05652CD602CA0084A3B0 /* UserDefaultsStorage.swift */ = {isa = PBXFileReference; lastKnownFileType = sourcecode.swift; path = UserDefaultsStorage.swift; sourceTree = "<group>"; };
		88FA05672CD603E50084A3B0 /* UserManager.swift */ = {isa = PBXFileReference; lastKnownFileType = sourcecode.swift; path = UserManager.swift; sourceTree = "<group>"; };
		88FA05692CD604560084A3B0 /* AuthResponseDTO.swift */ = {isa = PBXFileReference; lastKnownFileType = sourcecode.swift; path = AuthResponseDTO.swift; sourceTree = "<group>"; };
		EFD78D3F2CC8E11B00CE7A57 /* Amor.app */ = {isa = PBXFileReference; explicitFileType = wrapper.application; includeInIndex = 0; path = Amor.app; sourceTree = BUILT_PRODUCTS_DIR; };
		EFD78D422CC8E11B00CE7A57 /* AppDelegate.swift */ = {isa = PBXFileReference; lastKnownFileType = sourcecode.swift; path = AppDelegate.swift; sourceTree = "<group>"; };
		EFD78D442CC8E11B00CE7A57 /* SceneDelegate.swift */ = {isa = PBXFileReference; lastKnownFileType = sourcecode.swift; path = SceneDelegate.swift; sourceTree = "<group>"; };
		EFD78D462CC8E11B00CE7A57 /* HomeViewController.swift */ = {isa = PBXFileReference; lastKnownFileType = sourcecode.swift; path = HomeViewController.swift; sourceTree = "<group>"; };
		EFD78D4B2CC8E11D00CE7A57 /* Assets.xcassets */ = {isa = PBXFileReference; lastKnownFileType = folder.assetcatalog; path = Assets.xcassets; sourceTree = "<group>"; };
		EFD78D4E2CC8E11D00CE7A57 /* Base */ = {isa = PBXFileReference; lastKnownFileType = file.storyboard; name = Base; path = Base.lproj/LaunchScreen.storyboard; sourceTree = "<group>"; };
		EFD78D502CC8E11D00CE7A57 /* Info.plist */ = {isa = PBXFileReference; lastKnownFileType = text.plist.xml; path = Info.plist; sourceTree = "<group>"; };
		EFD78D622CC8E4F800CE7A57 /* initProtocol.swift */ = {isa = PBXFileReference; lastKnownFileType = sourcecode.swift; path = initProtocol.swift; sourceTree = "<group>"; };
		EFD78D6C2CC8E51400CE7A57 /* initView.swift */ = {isa = PBXFileReference; lastKnownFileType = sourcecode.swift; path = initView.swift; sourceTree = "<group>"; };
		EFD78D702CC8E52200CE7A57 /* initVM.swift */ = {isa = PBXFileReference; lastKnownFileType = sourcecode.swift; path = initVM.swift; sourceTree = "<group>"; };
		EFD78D722CC8E52900CE7A57 /* Configuration.swift */ = {isa = PBXFileReference; lastKnownFileType = sourcecode.swift; path = Configuration.swift; sourceTree = "<group>"; };
		EFD78D742CC8E55F00CE7A57 /* .gitignore */ = {isa = PBXFileReference; lastKnownFileType = text; path = .gitignore; sourceTree = "<group>"; };
		EFD78D762CC8EBD300CE7A57 /* Apikey.xcconfig */ = {isa = PBXFileReference; lastKnownFileType = text.xcconfig; path = Apikey.xcconfig; sourceTree = "<group>"; };
		EFD78D882CC912D500CE7A57 /* DMViewController.swift */ = {isa = PBXFileReference; lastKnownFileType = sourcecode.swift; path = DMViewController.swift; sourceTree = "<group>"; };
		EFD78D8A2CC913CE00CE7A57 /* SearchViewController.swift */ = {isa = PBXFileReference; lastKnownFileType = sourcecode.swift; path = SearchViewController.swift; sourceTree = "<group>"; };
		EFD78D8C2CC913EE00CE7A57 /* SettingViewController.swift */ = {isa = PBXFileReference; lastKnownFileType = sourcecode.swift; path = SettingViewController.swift; sourceTree = "<group>"; };
		EFD78D902CC91B3400CE7A57 /* TabBarViewController.swift */ = {isa = PBXFileReference; lastKnownFileType = sourcecode.swift; path = TabBarViewController.swift; sourceTree = "<group>"; };
		EFD78D922CC9253400CE7A57 /* Font+.swift */ = {isa = PBXFileReference; lastKnownFileType = sourcecode.swift; path = "Font+.swift"; sourceTree = "<group>"; };
		EFD78DD42CCE7D6B00CE7A57 /* CommonButton.swift */ = {isa = PBXFileReference; lastKnownFileType = sourcecode.swift; path = CommonButton.swift; sourceTree = "<group>"; };
		EFD78DD82CCE895800CE7A57 /* DividerView.swift */ = {isa = PBXFileReference; lastKnownFileType = sourcecode.swift; path = DividerView.swift; sourceTree = "<group>"; };
		EFD78DDA2CCE8CAD00CE7A57 /* SignTextField.swift */ = {isa = PBXFileReference; lastKnownFileType = sourcecode.swift; path = SignTextField.swift; sourceTree = "<group>"; };
		EFD78DDC2CCE8DD200CE7A57 /* SignUpViewController.swift */ = {isa = PBXFileReference; lastKnownFileType = sourcecode.swift; path = SignUpViewController.swift; sourceTree = "<group>"; };
		EFD78DDE2CCE8F6A00CE7A57 /* LabeledTextField.swift */ = {isa = PBXFileReference; lastKnownFileType = sourcecode.swift; path = LabeledTextField.swift; sourceTree = "<group>"; };
		EFD78DFE2CCFBDE400CE7A57 /* GreyBarView.swift */ = {isa = PBXFileReference; lastKnownFileType = sourcecode.swift; path = GreyBarView.swift; sourceTree = "<group>"; };
/* End PBXFileReference section */

/* Begin PBXFrameworksBuildPhase section */
		EFD78D3C2CC8E11B00CE7A57 /* Frameworks */ = {
			isa = PBXFrameworksBuildPhase;
			buildActionMask = 2147483647;
			files = (
				EF2645652CD359B600365876 /* IQKeyboardManagerSwift in Frameworks */,
				EFD78D812CC8EDE200CE7A57 /* Kingfisher in Frameworks */,
				EFD78D7E2CC8EDBD00CE7A57 /* SnapKit in Frameworks */,
				EFD78D872CC8F46500CE7A57 /* Moya in Frameworks */,
				EFD78D7B2CC8EDB100CE7A57 /* RxSwift in Frameworks */,
				EFD78D842CC8EDEF00CE7A57 /* Toast in Frameworks */,
				EFD78D792CC8EDB100CE7A57 /* RxCocoa in Frameworks */,
			);
			runOnlyForDeploymentPostprocessing = 0;
		};
/* End PBXFrameworksBuildPhase section */

/* Begin PBXGroup section */
		0433C8312CD4B12200869D63 /* Commons */ = {
			isa = PBXGroup;
			children = (
				EFD78D612CC8E37700CE7A57 /* Extension */,
				EFD78D572CC8E30B00CE7A57 /* Protocol */,
				EFD78D602CC8E36C00CE7A57 /* Base */,
			);
			path = Commons;
			sourceTree = "<group>";
		};
		0433C8322CD4B18A00869D63 /* Data */ = {
			isa = PBXGroup;
			children = (
				0433C8442CD4B34500869D63 /* Repositories */,
				0433C84A2CD4B3DA00869D63 /* Network */,
				0433C8472CD4B36600869D63 /* PersistentStorages */,
			);
			path = Data;
			sourceTree = "<group>";
		};
		0433C8332CD4B19900869D63 /* Presentations */ = {
			isa = PBXGroup;
			children = (
				0433C8372CD4B26300869D63 /* Utils */,
				EFD78D592CC8E32400CE7A57 /* Views */,
				EFD78D8F2CC9164E00CE7A57 /* CustomViews */,
			);
			path = Presentations;
			sourceTree = "<group>";
		};
		0433C8342CD4B1C900869D63 /* Domain */ = {
			isa = PBXGroup;
			children = (
				0433C83A2CD4B29B00869D63 /* Entities */,
				0433C83B2CD4B2A400869D63 /* UseCases */,
				0433C8412CD4B30F00869D63 /* Repositories */,
			);
			path = Domain;
			sourceTree = "<group>";
		};
		0433C8372CD4B26300869D63 /* Utils */ = {
			isa = PBXGroup;
			children = (
				0433C8382CD4B27500869D63 /* InitEnum.swift */,
			);
			path = Utils;
			sourceTree = "<group>";
		};
		0433C83A2CD4B29B00869D63 /* Entities */ = {
			isa = PBXGroup;
			children = (
				0433C83E2CD4B2FA00869D63 /* InitEntity.swift */,
				043D4D9B2CD7865B00AA580B /* DM */,
			);
			path = Entities;
			sourceTree = "<group>";
		};
		0433C83B2CD4B2A400869D63 /* UseCases */ = {
			isa = PBXGroup;
			children = (
				0433C83C2CD4B2E700869D63 /* initUseCase.swift */,
				043D4D9D2CD7867000AA580B /* DM */,
			);
			path = UseCases;
			sourceTree = "<group>";
		};
		0433C8412CD4B30F00869D63 /* Repositories */ = {
			isa = PBXGroup;
			children = (
				0433C8422CD4B31B00869D63 /* InitRepo.swift */,
				043D4D9C2CD7866B00AA580B /* DM */,
			);
			path = Repositories;
			sourceTree = "<group>";
		};
		0433C8442CD4B34500869D63 /* Repositories */ = {
			isa = PBXGroup;
			children = (
				0433C8452CD4B35300869D63 /* InitRepos.swift */,
				043D4D832CD75FAE00AA580B /* DMViewRepositorylmpl.swift */,
			);
			path = Repositories;
			sourceTree = "<group>";
		};
		0433C8472CD4B36600869D63 /* PersistentStorages */ = {
			isa = PBXGroup;
			children = (
				0433C8482CD4B37B00869D63 /* InitRealm.swift */,
				88FA05652CD602CA0084A3B0 /* UserDefaultsStorage.swift */,
			);
			path = PersistentStorages;
			sourceTree = "<group>";
		};
		0433C84A2CD4B3DA00869D63 /* Network */ = {
			isa = PBXGroup;
			children = (
				0433C84B2CD4B43E00869D63 /* APIEndPoints */,
				EFD78D5D2CC8E34B00CE7A57 /* DataMapping */,
			);
			path = Network;
			sourceTree = "<group>";
		};
		0433C84B2CD4B43E00869D63 /* APIEndPoints */ = {
			isa = PBXGroup;
			children = (
				0433C84C2CD4B45F00869D63 /* InitEndpoints.swift */,
			);
			path = APIEndPoints;
			sourceTree = "<group>";
		};
		0433C84E2CD4B4BB00869D63 /* Cell */ = {
			isa = PBXGroup;
			children = (
				0493095D2CCE2EB90059271A /* DMUserCollectionViewCell.swift */,
			);
			path = Cell;
			sourceTree = "<group>";
		};
		043D4D992CD7864300AA580B /* DM */ = {
			isa = PBXGroup;
			children = (
				043D4D7F2CD75EF100AA580B /* LoginResponseDTO.swift */,
				043D4D952CD77BE700AA580B /* DMSpaceMembersResponseDTO.swift */,
				043D4DA32CD8978400AA580B /* DMRoomResponseDTO.swift */,
			);
			path = DM;
			sourceTree = "<group>";
		};
		043D4D9A2CD7865100AA580B /* DM */ = {
			isa = PBXGroup;
			children = (
				043D4D7D2CD75D4100AA580B /* LoginRequestDTO.swift */,
				043D4D932CD77B9C00AA580B /* DMMembersRequestDTO.swift */,
				043D4DA12CD8976200AA580B /* DMRoomRequestDTO.swift */,
			);
			path = DM;
			sourceTree = "<group>";
		};
		043D4D9B2CD7865B00AA580B /* DM */ = {
			isa = PBXGroup;
			children = (
				043D4D852CD760FE00AA580B /* LoginModel.swift */,
				043D4D972CD77FB900AA580B /* DMSpaceMember.swift */,
				043D4DA52CD8980700AA580B /* DMRoom.swift */,
			);
			path = DM;
			sourceTree = "<group>";
		};
		043D4D9C2CD7866B00AA580B /* DM */ = {
			isa = PBXGroup;
			children = (
				043D4D812CD75F9200AA580B /* DMViewRepository.swift */,
			);
			path = DM;
			sourceTree = "<group>";
		};
		043D4D9D2CD7867000AA580B /* DM */ = {
			isa = PBXGroup;
			children = (
				043D4D7B2CD75B4E00AA580B /* DMViewUseCase.swift */,
			);
			path = DM;
			sourceTree = "<group>";
		};
		EFD78D362CC8E11B00CE7A57 = {
			isa = PBXGroup;
			children = (
				EFD78D762CC8EBD300CE7A57 /* Apikey.xcconfig */,
				EFD78D742CC8E55F00CE7A57 /* .gitignore */,
				EFD78D412CC8E11B00CE7A57 /* Amor */,
				EFD78D402CC8E11B00CE7A57 /* Products */,
			);
			sourceTree = "<group>";
		};
		EFD78D402CC8E11B00CE7A57 /* Products */ = {
			isa = PBXGroup;
			children = (
				EFD78D3F2CC8E11B00CE7A57 /* Amor.app */,
			);
			name = Products;
			sourceTree = "<group>";
		};
		EFD78D412CC8E11B00CE7A57 /* Amor */ = {
			isa = PBXGroup;
			children = (
				EFD78D562CC8E2FB00CE7A57 /* App */,
				0433C8312CD4B12200869D63 /* Commons */,
				EFD78D582CC8E31900CE7A57 /* Network */,
				0433C8322CD4B18A00869D63 /* Data */,
				0433C8342CD4B1C900869D63 /* Domain */,
				0433C8332CD4B19900869D63 /* Presentations */,
				EFD78D4B2CC8E11D00CE7A57 /* Assets.xcassets */,
				EFD78D4D2CC8E11D00CE7A57 /* LaunchScreen.storyboard */,
				EFD78D502CC8E11D00CE7A57 /* Info.plist */,
			);
			path = Amor;
			sourceTree = "<group>";
		};
		EFD78D562CC8E2FB00CE7A57 /* App */ = {
			isa = PBXGroup;
			children = (
				EFD78D422CC8E11B00CE7A57 /* AppDelegate.swift */,
				EFD78D442CC8E11B00CE7A57 /* SceneDelegate.swift */,
			);
			path = App;
			sourceTree = "<group>";
		};
		EFD78D572CC8E30B00CE7A57 /* Protocol */ = {
			isa = PBXGroup;
			children = (
				EFD78D622CC8E4F800CE7A57 /* initProtocol.swift */,
				049309612CCE309A0059271A /* CellIdentifier.swift */,
				049309892CCFD3380059271A /* BaseViewModel.swift */,
			);
			path = Protocol;
			sourceTree = "<group>";
		};
		EFD78D582CC8E31900CE7A57 /* Network */ = {
			isa = PBXGroup;
			children = (
				EFD78D722CC8E52900CE7A57 /* Configuration.swift */,
				887892C42CD5007500F3C732 /* NetworkManager.swift */,
				887892C62CD50D2300F3C732 /* UserTarget.swift */,
				043D4D872CD7743D00AA580B /* DMTarget.swift */,
				887892CC2CD51B5E00F3C732 /* NetworkError.swift */,
				88FA05632CD601BD0084A3B0 /* TokenInterceptor.swift */,
				88FA05672CD603E50084A3B0 /* UserManager.swift */,
			);
			path = Network;
			sourceTree = "<group>";
		};
		EFD78D592CC8E32400CE7A57 /* Views */ = {
			isa = PBXGroup;
			children = (
				EFD78D5C2CC8E34100CE7A57 /* View */,
				EFD78D5B2CC8E33700CE7A57 /* VC */,
				EFD78D5A2CC8E33200CE7A57 /* VM */,
			);
			path = Views;
			sourceTree = "<group>";
		};
		EFD78D5A2CC8E33200CE7A57 /* VM */ = {
			isa = PBXGroup;
			children = (
				EFD78D702CC8E52200CE7A57 /* initVM.swift */,
				049309872CCFD0200059271A /* DMViewModel.swift */,
			);
			path = VM;
			sourceTree = "<group>";
		};
		EFD78D5B2CC8E33700CE7A57 /* VC */ = {
			isa = PBXGroup;
			children = (
				EFD78D902CC91B3400CE7A57 /* TabBarViewController.swift */,
				EFD78DDC2CCE8DD200CE7A57 /* SignUpViewController.swift */,
				EFD78D462CC8E11B00CE7A57 /* HomeViewController.swift */,
				EFD78D882CC912D500CE7A57 /* DMViewController.swift */,
				04B3A4592CD36E920068446A /* MyProfileViewController.swift */,
				04B3A45D2CD376680068446A /* OtherProfileViewController.swift */,
				EFD78D8A2CC913CE00CE7A57 /* SearchViewController.swift */,
				EFD78D8C2CC913EE00CE7A57 /* SettingViewController.swift */,
				8890133C2CD1125000B5FF91 /* SpaceInitialViewController.swift */,
				88A9D17D2CD26A30003F4A22 /* SpaceActiveViewController.swift */,
			);
			path = VC;
			sourceTree = "<group>";
		};
		EFD78D5C2CC8E34100CE7A57 /* View */ = {
			isa = PBXGroup;
			children = (
				EFD78D6C2CC8E51400CE7A57 /* initView.swift */,
				8890133E2CD1130900B5FF91 /* SpaceInitialView.swift */,
				88A9D17B2CD26A14003F4A22 /* SpaceActiveView.swift */,
				04B3A4572CD36E880068446A /* MyProfileView.swift */,
				04B3A45B2CD375150068446A /* OtherProfileView.swift */,
				049309592CCE21760059271A /* DMView.swift */,
				0433C84E2CD4B4BB00869D63 /* Cell */,
			);
			path = View;
			sourceTree = "<group>";
		};
		EFD78D5D2CC8E34B00CE7A57 /* DataMapping */ = {
			isa = PBXGroup;
			children = (
				EFD78D5F2CC8E36000CE7A57 /* Request */,
				EFD78D5E2CC8E35200CE7A57 /* Response */,
			);
			path = DataMapping;
			sourceTree = "<group>";
		};
		EFD78D5E2CC8E35200CE7A57 /* Response */ = {
			isa = PBXGroup;
			children = (
				887892CA2CD513D900F3C732 /* EmptyResponseDTO.swift */,
				88FA05692CD604560084A3B0 /* AuthResponseDTO.swift */,
				043D4D992CD7864300AA580B /* DM */,
			);
			path = Response;
			sourceTree = "<group>";
		};
		EFD78D5F2CC8E36000CE7A57 /* Request */ = {
			isa = PBXGroup;
			children = (
				887892C82CD5107300F3C732 /* ValidEmailRequestDTO.swift */,
				043D4D9A2CD7865100AA580B /* DM */,
			);
			path = Request;
			sourceTree = "<group>";
		};
		EFD78D602CC8E36C00CE7A57 /* Base */ = {
			isa = PBXGroup;
			children = (
				049309552CCE1FEB0059271A /* BaseView.swift */,
				049309572CCE1FF10059271A /* BaseVC.swift */,
				0493095F2CCE2FC90059271A /* BaseCollectionViewCell.swift */,
			);
			path = Base;
			sourceTree = "<group>";
		};
		EFD78D612CC8E37700CE7A57 /* Extension */ = {
			isa = PBXGroup;
			children = (
				EFD78D922CC9253400CE7A57 /* Font+.swift */,
				0433C82D2CD49CFF00869D63 /* UIView+.swift */,
			);
			path = Extension;
			sourceTree = "<group>";
		};
		EFD78D8F2CC9164E00CE7A57 /* CustomViews */ = {
			isa = PBXGroup;
			children = (
				EFD78DD42CCE7D6B00CE7A57 /* CommonButton.swift */,
				EFD78DD82CCE895800CE7A57 /* DividerView.swift */,
				EFD78DDA2CCE8CAD00CE7A57 /* SignTextField.swift */,
				EFD78DDE2CCE8F6A00CE7A57 /* LabeledTextField.swift */,
				EFD78DFE2CCFBDE400CE7A57 /* GreyBarView.swift */,
				88A9D1832CD274DA003F4A22 /* RoundImageView.swift */,
				88A9D1852CD2770E003F4A22 /* RoundCameraView.swift */,
			);
			path = CustomViews;
			sourceTree = "<group>";
		};
/* End PBXGroup section */

/* Begin PBXNativeTarget section */
		EFD78D3E2CC8E11B00CE7A57 /* Amor */ = {
			isa = PBXNativeTarget;
			buildConfigurationList = EFD78D532CC8E11D00CE7A57 /* Build configuration list for PBXNativeTarget "Amor" */;
			buildPhases = (
				EFD78D3B2CC8E11B00CE7A57 /* Sources */,
				EFD78D3C2CC8E11B00CE7A57 /* Frameworks */,
				EFD78D3D2CC8E11B00CE7A57 /* Resources */,
			);
			buildRules = (
			);
			dependencies = (
			);
			name = Amor;
			packageProductDependencies = (
				EFD78D782CC8EDB100CE7A57 /* RxCocoa */,
				EFD78D7A2CC8EDB100CE7A57 /* RxSwift */,
				EFD78D7D2CC8EDBD00CE7A57 /* SnapKit */,
				EFD78D802CC8EDE200CE7A57 /* Kingfisher */,
				EFD78D832CC8EDEF00CE7A57 /* Toast */,
				EFD78D862CC8F46500CE7A57 /* Moya */,
				EF2645642CD359B600365876 /* IQKeyboardManagerSwift */,
			);
			productName = Amor;
			productReference = EFD78D3F2CC8E11B00CE7A57 /* Amor.app */;
			productType = "com.apple.product-type.application";
		};
/* End PBXNativeTarget section */

/* Begin PBXProject section */
		EFD78D372CC8E11B00CE7A57 /* Project object */ = {
			isa = PBXProject;
			attributes = {
				BuildIndependentTargetsInParallel = 1;
				LastSwiftUpdateCheck = 1530;
				LastUpgradeCheck = 1530;
				TargetAttributes = {
					EFD78D3E2CC8E11B00CE7A57 = {
						CreatedOnToolsVersion = 15.3;
					};
				};
			};
			buildConfigurationList = EFD78D3A2CC8E11B00CE7A57 /* Build configuration list for PBXProject "Amor" */;
			compatibilityVersion = "Xcode 14.0";
			developmentRegion = en;
			hasScannedForEncodings = 0;
			knownRegions = (
				en,
				Base,
			);
			mainGroup = EFD78D362CC8E11B00CE7A57;
			packageReferences = (
				EFD78D772CC8EDB100CE7A57 /* XCRemoteSwiftPackageReference "RxSwift" */,
				EFD78D7C2CC8EDBD00CE7A57 /* XCRemoteSwiftPackageReference "SnapKit" */,
				EFD78D7F2CC8EDE200CE7A57 /* XCRemoteSwiftPackageReference "Kingfisher" */,
				EFD78D822CC8EDEF00CE7A57 /* XCRemoteSwiftPackageReference "Toast-Swift" */,
				EFD78D852CC8F46500CE7A57 /* XCRemoteSwiftPackageReference "Moya" */,
				EF2645632CD359B600365876 /* XCRemoteSwiftPackageReference "IQKeyboardManager" */,
			);
			productRefGroup = EFD78D402CC8E11B00CE7A57 /* Products */;
			projectDirPath = "";
			projectRoot = "";
			targets = (
				EFD78D3E2CC8E11B00CE7A57 /* Amor */,
			);
		};
/* End PBXProject section */

/* Begin PBXResourcesBuildPhase section */
		EFD78D3D2CC8E11B00CE7A57 /* Resources */ = {
			isa = PBXResourcesBuildPhase;
			buildActionMask = 2147483647;
			files = (
				EFD78D4C2CC8E11D00CE7A57 /* Assets.xcassets in Resources */,
				EFD78D752CC8E55F00CE7A57 /* .gitignore in Resources */,
				EFD78D4F2CC8E11D00CE7A57 /* Base in Resources */,
			);
			runOnlyForDeploymentPostprocessing = 0;
		};
/* End PBXResourcesBuildPhase section */

/* Begin PBXSourcesBuildPhase section */
		EFD78D3B2CC8E11B00CE7A57 /* Sources */ = {
			isa = PBXSourcesBuildPhase;
			buildActionMask = 2147483647;
			files = (
				043D4D862CD760FE00AA580B /* LoginModel.swift in Sources */,
				043D4D982CD77FB900AA580B /* DMSpaceMember.swift in Sources */,
				043D4DA22CD8976200AA580B /* DMRoomRequestDTO.swift in Sources */,
				EFD78D712CC8E52200CE7A57 /* initVM.swift in Sources */,
				049309582CCE1FF10059271A /* BaseVC.swift in Sources */,
				EFD78DD92CCE895800CE7A57 /* DividerView.swift in Sources */,
				EFD78DDB2CCE8CAD00CE7A57 /* SignTextField.swift in Sources */,
				EFD78DD52CCE7D6B00CE7A57 /* CommonButton.swift in Sources */,
				043D4DA42CD8978400AA580B /* DMRoomResponseDTO.swift in Sources */,
				04B3A45E2CD376680068446A /* OtherProfileViewController.swift in Sources */,
				EFD78D472CC8E11B00CE7A57 /* HomeViewController.swift in Sources */,
				EFD78DDD2CCE8DD200CE7A57 /* SignUpViewController.swift in Sources */,
				043D4D7E2CD75D4100AA580B /* LoginRequestDTO.swift in Sources */,
				0433C8462CD4B35300869D63 /* InitRepos.swift in Sources */,
				043D4D7C2CD75B4E00AA580B /* DMViewUseCase.swift in Sources */,
				88FA056A2CD604560084A3B0 /* AuthResponseDTO.swift in Sources */,
				EFD78D432CC8E11B00CE7A57 /* AppDelegate.swift in Sources */,
				EFD78D8D2CC913EE00CE7A57 /* SettingViewController.swift in Sources */,
				88FA05662CD602CA0084A3B0 /* UserDefaultsStorage.swift in Sources */,
				049309602CCE2FC90059271A /* BaseCollectionViewCell.swift in Sources */,
				0433C8432CD4B31B00869D63 /* InitRepo.swift in Sources */,
				EFD78D912CC91B3400CE7A57 /* TabBarViewController.swift in Sources */,
				EFD78DFF2CCFBDE400CE7A57 /* GreyBarView.swift in Sources */,
				0433C8492CD4B37B00869D63 /* InitRealm.swift in Sources */,
				EFD78D892CC912D500CE7A57 /* DMViewController.swift in Sources */,
				043D4D942CD77B9C00AA580B /* DMMembersRequestDTO.swift in Sources */,
				0433C84D2CD4B45F00869D63 /* InitEndpoints.swift in Sources */,
				0433C8392CD4B27500869D63 /* InitEnum.swift in Sources */,
				EFD78D932CC9253400CE7A57 /* Font+.swift in Sources */,
				043D4D802CD75EF100AA580B /* LoginResponseDTO.swift in Sources */,
				88A9D17E2CD26A30003F4A22 /* SpaceActiveViewController.swift in Sources */,
				8890133F2CD1130900B5FF91 /* SpaceInitialView.swift in Sources */,
				0493095E2CCE2EB90059271A /* DMUserCollectionViewCell.swift in Sources */,
				043D4D882CD7743D00AA580B /* DMTarget.swift in Sources */,
				887892C52CD5007500F3C732 /* NetworkManager.swift in Sources */,
				887892CD2CD51B5E00F3C732 /* NetworkError.swift in Sources */,
				0433C83D2CD4B2E700869D63 /* initUseCase.swift in Sources */,
				EFD78D8B2CC913CE00CE7A57 /* SearchViewController.swift in Sources */,
				0433C83F2CD4B2FA00869D63 /* InitEntity.swift in Sources */,
				0493098A2CCFD3380059271A /* BaseViewModel.swift in Sources */,
				04B3A45C2CD375160068446A /* OtherProfileView.swift in Sources */,
				EFD78D6D2CC8E51400CE7A57 /* initView.swift in Sources */,
				049309882CCFD0200059271A /* DMViewModel.swift in Sources */,
				043D4DA62CD8980700AA580B /* DMRoom.swift in Sources */,
				0493095A2CCE21760059271A /* DMView.swift in Sources */,
				049309622CCE309A0059271A /* CellIdentifier.swift in Sources */,
				04B3A4582CD36E880068446A /* MyProfileView.swift in Sources */,
				043D4D842CD75FAE00AA580B /* DMViewRepositorylmpl.swift in Sources */,
				EFD78D452CC8E11B00CE7A57 /* SceneDelegate.swift in Sources */,
				88A9D17C2CD26A14003F4A22 /* SpaceActiveView.swift in Sources */,
				88FA05642CD601BD0084A3B0 /* TokenInterceptor.swift in Sources */,
				EFD78D732CC8E52900CE7A57 /* Configuration.swift in Sources */,
				8890133D2CD1125000B5FF91 /* SpaceInitialViewController.swift in Sources */,
				04B3A45A2CD36E920068446A /* MyProfileViewController.swift in Sources */,
				887892CB2CD513D900F3C732 /* EmptyResponseDTO.swift in Sources */,
				88A9D1842CD274DA003F4A22 /* RoundImageView.swift in Sources */,
				EFD78D632CC8E4F800CE7A57 /* initProtocol.swift in Sources */,
				043D4D822CD75F9200AA580B /* DMViewRepository.swift in Sources */,
				043D4D962CD77BE700AA580B /* DMSpaceMembersResponseDTO.swift in Sources */,
				88FA05682CD603E50084A3B0 /* UserManager.swift in Sources */,
				049309562CCE1FEB0059271A /* BaseView.swift in Sources */,
				0433C82E2CD49CFF00869D63 /* UIView+.swift in Sources */,
				887892C72CD50D2300F3C732 /* UserTarget.swift in Sources */,
				EFD78DDF2CCE8F6A00CE7A57 /* LabeledTextField.swift in Sources */,
				88A9D1862CD2770E003F4A22 /* RoundCameraView.swift in Sources */,
				887892C92CD5107300F3C732 /* ValidEmailRequestDTO.swift in Sources */,
			);
			runOnlyForDeploymentPostprocessing = 0;
		};
/* End PBXSourcesBuildPhase section */

/* Begin PBXVariantGroup section */
		EFD78D4D2CC8E11D00CE7A57 /* LaunchScreen.storyboard */ = {
			isa = PBXVariantGroup;
			children = (
				EFD78D4E2CC8E11D00CE7A57 /* Base */,
			);
			name = LaunchScreen.storyboard;
			sourceTree = "<group>";
		};
/* End PBXVariantGroup section */

/* Begin XCBuildConfiguration section */
		EFD78D512CC8E11D00CE7A57 /* Debug */ = {
			isa = XCBuildConfiguration;
			buildSettings = {
				ALWAYS_SEARCH_USER_PATHS = NO;
				ASSETCATALOG_COMPILER_GENERATE_SWIFT_ASSET_SYMBOL_EXTENSIONS = YES;
				CLANG_ANALYZER_NONNULL = YES;
				CLANG_ANALYZER_NUMBER_OBJECT_CONVERSION = YES_AGGRESSIVE;
				CLANG_CXX_LANGUAGE_STANDARD = "gnu++20";
				CLANG_ENABLE_MODULES = YES;
				CLANG_ENABLE_OBJC_ARC = YES;
				CLANG_ENABLE_OBJC_WEAK = YES;
				CLANG_WARN_BLOCK_CAPTURE_AUTORELEASING = YES;
				CLANG_WARN_BOOL_CONVERSION = YES;
				CLANG_WARN_COMMA = YES;
				CLANG_WARN_CONSTANT_CONVERSION = YES;
				CLANG_WARN_DEPRECATED_OBJC_IMPLEMENTATIONS = YES;
				CLANG_WARN_DIRECT_OBJC_ISA_USAGE = YES_ERROR;
				CLANG_WARN_DOCUMENTATION_COMMENTS = YES;
				CLANG_WARN_EMPTY_BODY = YES;
				CLANG_WARN_ENUM_CONVERSION = YES;
				CLANG_WARN_INFINITE_RECURSION = YES;
				CLANG_WARN_INT_CONVERSION = YES;
				CLANG_WARN_NON_LITERAL_NULL_CONVERSION = YES;
				CLANG_WARN_OBJC_IMPLICIT_RETAIN_SELF = YES;
				CLANG_WARN_OBJC_LITERAL_CONVERSION = YES;
				CLANG_WARN_OBJC_ROOT_CLASS = YES_ERROR;
				CLANG_WARN_QUOTED_INCLUDE_IN_FRAMEWORK_HEADER = YES;
				CLANG_WARN_RANGE_LOOP_ANALYSIS = YES;
				CLANG_WARN_STRICT_PROTOTYPES = YES;
				CLANG_WARN_SUSPICIOUS_MOVE = YES;
				CLANG_WARN_UNGUARDED_AVAILABILITY = YES_AGGRESSIVE;
				CLANG_WARN_UNREACHABLE_CODE = YES;
				CLANG_WARN__DUPLICATE_METHOD_MATCH = YES;
				COPY_PHASE_STRIP = NO;
				DEBUG_INFORMATION_FORMAT = dwarf;
				ENABLE_STRICT_OBJC_MSGSEND = YES;
				ENABLE_TESTABILITY = YES;
				ENABLE_USER_SCRIPT_SANDBOXING = YES;
				GCC_C_LANGUAGE_STANDARD = gnu17;
				GCC_DYNAMIC_NO_PIC = NO;
				GCC_NO_COMMON_BLOCKS = YES;
				GCC_OPTIMIZATION_LEVEL = 0;
				GCC_PREPROCESSOR_DEFINITIONS = (
					"DEBUG=1",
					"$(inherited)",
				);
				GCC_WARN_64_TO_32_BIT_CONVERSION = YES;
				GCC_WARN_ABOUT_RETURN_TYPE = YES_ERROR;
				GCC_WARN_UNDECLARED_SELECTOR = YES;
				GCC_WARN_UNINITIALIZED_AUTOS = YES_AGGRESSIVE;
				GCC_WARN_UNUSED_FUNCTION = YES;
				GCC_WARN_UNUSED_VARIABLE = YES;
				IPHONEOS_DEPLOYMENT_TARGET = 17.4;
				LOCALIZATION_PREFERS_STRING_CATALOGS = YES;
				MTL_ENABLE_DEBUG_INFO = INCLUDE_SOURCE;
				MTL_FAST_MATH = YES;
				ONLY_ACTIVE_ARCH = YES;
				SDKROOT = iphoneos;
				SWIFT_ACTIVE_COMPILATION_CONDITIONS = "DEBUG $(inherited)";
				SWIFT_OPTIMIZATION_LEVEL = "-Onone";
			};
			name = Debug;
		};
		EFD78D522CC8E11D00CE7A57 /* Release */ = {
			isa = XCBuildConfiguration;
			buildSettings = {
				ALWAYS_SEARCH_USER_PATHS = NO;
				ASSETCATALOG_COMPILER_GENERATE_SWIFT_ASSET_SYMBOL_EXTENSIONS = YES;
				CLANG_ANALYZER_NONNULL = YES;
				CLANG_ANALYZER_NUMBER_OBJECT_CONVERSION = YES_AGGRESSIVE;
				CLANG_CXX_LANGUAGE_STANDARD = "gnu++20";
				CLANG_ENABLE_MODULES = YES;
				CLANG_ENABLE_OBJC_ARC = YES;
				CLANG_ENABLE_OBJC_WEAK = YES;
				CLANG_WARN_BLOCK_CAPTURE_AUTORELEASING = YES;
				CLANG_WARN_BOOL_CONVERSION = YES;
				CLANG_WARN_COMMA = YES;
				CLANG_WARN_CONSTANT_CONVERSION = YES;
				CLANG_WARN_DEPRECATED_OBJC_IMPLEMENTATIONS = YES;
				CLANG_WARN_DIRECT_OBJC_ISA_USAGE = YES_ERROR;
				CLANG_WARN_DOCUMENTATION_COMMENTS = YES;
				CLANG_WARN_EMPTY_BODY = YES;
				CLANG_WARN_ENUM_CONVERSION = YES;
				CLANG_WARN_INFINITE_RECURSION = YES;
				CLANG_WARN_INT_CONVERSION = YES;
				CLANG_WARN_NON_LITERAL_NULL_CONVERSION = YES;
				CLANG_WARN_OBJC_IMPLICIT_RETAIN_SELF = YES;
				CLANG_WARN_OBJC_LITERAL_CONVERSION = YES;
				CLANG_WARN_OBJC_ROOT_CLASS = YES_ERROR;
				CLANG_WARN_QUOTED_INCLUDE_IN_FRAMEWORK_HEADER = YES;
				CLANG_WARN_RANGE_LOOP_ANALYSIS = YES;
				CLANG_WARN_STRICT_PROTOTYPES = YES;
				CLANG_WARN_SUSPICIOUS_MOVE = YES;
				CLANG_WARN_UNGUARDED_AVAILABILITY = YES_AGGRESSIVE;
				CLANG_WARN_UNREACHABLE_CODE = YES;
				CLANG_WARN__DUPLICATE_METHOD_MATCH = YES;
				COPY_PHASE_STRIP = NO;
				DEBUG_INFORMATION_FORMAT = "dwarf-with-dsym";
				ENABLE_NS_ASSERTIONS = NO;
				ENABLE_STRICT_OBJC_MSGSEND = YES;
				ENABLE_USER_SCRIPT_SANDBOXING = YES;
				GCC_C_LANGUAGE_STANDARD = gnu17;
				GCC_NO_COMMON_BLOCKS = YES;
				GCC_WARN_64_TO_32_BIT_CONVERSION = YES;
				GCC_WARN_ABOUT_RETURN_TYPE = YES_ERROR;
				GCC_WARN_UNDECLARED_SELECTOR = YES;
				GCC_WARN_UNINITIALIZED_AUTOS = YES_AGGRESSIVE;
				GCC_WARN_UNUSED_FUNCTION = YES;
				GCC_WARN_UNUSED_VARIABLE = YES;
				IPHONEOS_DEPLOYMENT_TARGET = 17.4;
				LOCALIZATION_PREFERS_STRING_CATALOGS = YES;
				MTL_ENABLE_DEBUG_INFO = NO;
				MTL_FAST_MATH = YES;
				SDKROOT = iphoneos;
				SWIFT_COMPILATION_MODE = wholemodule;
				VALIDATE_PRODUCT = YES;
			};
			name = Release;
		};
		EFD78D542CC8E11D00CE7A57 /* Debug */ = {
			isa = XCBuildConfiguration;
			baseConfigurationReference = EFD78D762CC8EBD300CE7A57 /* Apikey.xcconfig */;
			buildSettings = {
				ASSETCATALOG_COMPILER_APPICON_NAME = AppIcon;
				ASSETCATALOG_COMPILER_GLOBAL_ACCENT_COLOR_NAME = AccentColor;
				CODE_SIGN_STYLE = Automatic;
				CURRENT_PROJECT_VERSION = 1;
				DEVELOPMENT_TEAM = "";
				GENERATE_INFOPLIST_FILE = YES;
				INFOPLIST_FILE = Amor/Info.plist;
				INFOPLIST_KEY_UIApplicationSupportsIndirectInputEvents = YES;
				INFOPLIST_KEY_UILaunchStoryboardName = LaunchScreen;
				INFOPLIST_KEY_UISupportedInterfaceOrientations = UIInterfaceOrientationPortrait;
				INFOPLIST_KEY_UISupportedInterfaceOrientations_iPad = "UIInterfaceOrientationLandscapeLeft UIInterfaceOrientationLandscapeRight UIInterfaceOrientationPortrait UIInterfaceOrientationPortraitUpsideDown";
				IPHONEOS_DEPLOYMENT_TARGET = 15.0;
				LD_RUNPATH_SEARCH_PATHS = (
					"$(inherited)",
					"@executable_path/Frameworks",
				);
				MARKETING_VERSION = 1.0;
				PRODUCT_BUNDLE_IDENTIFIER = com.amor.Amor;
				PRODUCT_NAME = "$(TARGET_NAME)";
				SUPPORTED_PLATFORMS = "iphoneos iphonesimulator";
				SUPPORTS_MACCATALYST = NO;
				SUPPORTS_MAC_DESIGNED_FOR_IPHONE_IPAD = NO;
				SUPPORTS_XR_DESIGNED_FOR_IPHONE_IPAD = NO;
				SWIFT_EMIT_LOC_STRINGS = YES;
				SWIFT_VERSION = 5.0;
				TARGETED_DEVICE_FAMILY = 1;
			};
			name = Debug;
		};
		EFD78D552CC8E11D00CE7A57 /* Release */ = {
			isa = XCBuildConfiguration;
			baseConfigurationReference = EFD78D762CC8EBD300CE7A57 /* Apikey.xcconfig */;
			buildSettings = {
				ASSETCATALOG_COMPILER_APPICON_NAME = AppIcon;
				ASSETCATALOG_COMPILER_GLOBAL_ACCENT_COLOR_NAME = AccentColor;
				CODE_SIGN_STYLE = Automatic;
				CURRENT_PROJECT_VERSION = 1;
				DEVELOPMENT_TEAM = "";
				GENERATE_INFOPLIST_FILE = YES;
				INFOPLIST_FILE = Amor/Info.plist;
				INFOPLIST_KEY_UIApplicationSupportsIndirectInputEvents = YES;
				INFOPLIST_KEY_UILaunchStoryboardName = LaunchScreen;
				INFOPLIST_KEY_UISupportedInterfaceOrientations = UIInterfaceOrientationPortrait;
				INFOPLIST_KEY_UISupportedInterfaceOrientations_iPad = "UIInterfaceOrientationLandscapeLeft UIInterfaceOrientationLandscapeRight UIInterfaceOrientationPortrait UIInterfaceOrientationPortraitUpsideDown";
				IPHONEOS_DEPLOYMENT_TARGET = 15.0;
				LD_RUNPATH_SEARCH_PATHS = (
					"$(inherited)",
					"@executable_path/Frameworks",
				);
				MARKETING_VERSION = 1.0;
				PRODUCT_BUNDLE_IDENTIFIER = com.amor.Amor;
				PRODUCT_NAME = "$(TARGET_NAME)";
				SUPPORTED_PLATFORMS = "iphoneos iphonesimulator";
				SUPPORTS_MACCATALYST = NO;
				SUPPORTS_MAC_DESIGNED_FOR_IPHONE_IPAD = NO;
				SUPPORTS_XR_DESIGNED_FOR_IPHONE_IPAD = NO;
				SWIFT_EMIT_LOC_STRINGS = YES;
				SWIFT_VERSION = 5.0;
				TARGETED_DEVICE_FAMILY = 1;
			};
			name = Release;
		};
/* End XCBuildConfiguration section */

/* Begin XCConfigurationList section */
		EFD78D3A2CC8E11B00CE7A57 /* Build configuration list for PBXProject "Amor" */ = {
			isa = XCConfigurationList;
			buildConfigurations = (
				EFD78D512CC8E11D00CE7A57 /* Debug */,
				EFD78D522CC8E11D00CE7A57 /* Release */,
			);
			defaultConfigurationIsVisible = 0;
			defaultConfigurationName = Release;
		};
		EFD78D532CC8E11D00CE7A57 /* Build configuration list for PBXNativeTarget "Amor" */ = {
			isa = XCConfigurationList;
			buildConfigurations = (
				EFD78D542CC8E11D00CE7A57 /* Debug */,
				EFD78D552CC8E11D00CE7A57 /* Release */,
			);
			defaultConfigurationIsVisible = 0;
			defaultConfigurationName = Release;
		};
/* End XCConfigurationList section */

/* Begin XCRemoteSwiftPackageReference section */
		EF2645632CD359B600365876 /* XCRemoteSwiftPackageReference "IQKeyboardManager" */ = {
			isa = XCRemoteSwiftPackageReference;
			repositoryURL = "https://github.com/hackiftekhar/IQKeyboardManager.git";
			requirement = {
				kind = exactVersion;
				version = 6.5.0;
			};
		};
		EFD78D772CC8EDB100CE7A57 /* XCRemoteSwiftPackageReference "RxSwift" */ = {
			isa = XCRemoteSwiftPackageReference;
			repositoryURL = "https://github.com/ReactiveX/RxSwift.git";
			requirement = {
				kind = upToNextMajorVersion;
				minimumVersion = 6.8.0;
			};
		};
		EFD78D7C2CC8EDBD00CE7A57 /* XCRemoteSwiftPackageReference "SnapKit" */ = {
			isa = XCRemoteSwiftPackageReference;
			repositoryURL = "https://github.com/SnapKit/SnapKit.git";
			requirement = {
				kind = upToNextMajorVersion;
				minimumVersion = 5.7.1;
			};
		};
		EFD78D7F2CC8EDE200CE7A57 /* XCRemoteSwiftPackageReference "Kingfisher" */ = {
			isa = XCRemoteSwiftPackageReference;
			repositoryURL = "https://github.com/onevcat/Kingfisher.git";
			requirement = {
				kind = upToNextMajorVersion;
				minimumVersion = 8.1.0;
			};
		};
		EFD78D822CC8EDEF00CE7A57 /* XCRemoteSwiftPackageReference "Toast-Swift" */ = {
			isa = XCRemoteSwiftPackageReference;
			repositoryURL = "https://github.com/scalessec/Toast-Swift.git";
			requirement = {
				kind = upToNextMajorVersion;
				minimumVersion = 5.1.1;
			};
		};
		EFD78D852CC8F46500CE7A57 /* XCRemoteSwiftPackageReference "Moya" */ = {
			isa = XCRemoteSwiftPackageReference;
			repositoryURL = "https://github.com/Moya/Moya.git";
			requirement = {
				kind = upToNextMajorVersion;
				minimumVersion = 15.0.3;
			};
		};
/* End XCRemoteSwiftPackageReference section */

/* Begin XCSwiftPackageProductDependency section */
		EF2645642CD359B600365876 /* IQKeyboardManagerSwift */ = {
			isa = XCSwiftPackageProductDependency;
			package = EF2645632CD359B600365876 /* XCRemoteSwiftPackageReference "IQKeyboardManager" */;
			productName = IQKeyboardManagerSwift;
		};
		EFD78D782CC8EDB100CE7A57 /* RxCocoa */ = {
			isa = XCSwiftPackageProductDependency;
			package = EFD78D772CC8EDB100CE7A57 /* XCRemoteSwiftPackageReference "RxSwift" */;
			productName = RxCocoa;
		};
		EFD78D7A2CC8EDB100CE7A57 /* RxSwift */ = {
			isa = XCSwiftPackageProductDependency;
			package = EFD78D772CC8EDB100CE7A57 /* XCRemoteSwiftPackageReference "RxSwift" */;
			productName = RxSwift;
		};
		EFD78D7D2CC8EDBD00CE7A57 /* SnapKit */ = {
			isa = XCSwiftPackageProductDependency;
			package = EFD78D7C2CC8EDBD00CE7A57 /* XCRemoteSwiftPackageReference "SnapKit" */;
			productName = SnapKit;
		};
		EFD78D802CC8EDE200CE7A57 /* Kingfisher */ = {
			isa = XCSwiftPackageProductDependency;
			package = EFD78D7F2CC8EDE200CE7A57 /* XCRemoteSwiftPackageReference "Kingfisher" */;
			productName = Kingfisher;
		};
		EFD78D832CC8EDEF00CE7A57 /* Toast */ = {
			isa = XCSwiftPackageProductDependency;
			package = EFD78D822CC8EDEF00CE7A57 /* XCRemoteSwiftPackageReference "Toast-Swift" */;
			productName = Toast;
		};
		EFD78D862CC8F46500CE7A57 /* Moya */ = {
			isa = XCSwiftPackageProductDependency;
			package = EFD78D852CC8F46500CE7A57 /* XCRemoteSwiftPackageReference "Moya" */;
			productName = Moya;
		};
/* End XCSwiftPackageProductDependency section */
	};
	rootObject = EFD78D372CC8E11B00CE7A57 /* Project object */;
}
